
Microsoft Visual Studio Solution File, Format Version 12.00
# Visual Studio Version 17
VisualStudioVersion = 17.14.36408.4
MinimumVisualStudioVersion = 10.0.40219.1
Project("{FAE04EC0-301F-11D3-BF4B-00C04F79EFBC}") = "AzureCosmosDBMCPToolKit", "AzureCosmosDBMCPToolKit.csproj", "{C0D8A422-EB8F-6682-D99B-1D4856B9CE6C}"
EndProject
Global
	GlobalSection(SolutionConfigurationPlatforms) = preSolution
		Debug|Any CPU = Debug|Any CPU
		Release|Any CPU = Release|Any CPU
	EndGlobalSection
	GlobalSection(ProjectConfigurationPlatforms) = postSolution
		{C0D8A422-EB8F-6682-D99B-1D4856B9CE6C}.Debug|Any CPU.ActiveCfg = Debug|Any CPU
		{C0D8A422-EB8F-6682-D99B-1D4856B9CE6C}.Debug|Any CPU.Build.0 = Debug|Any CPU
		{C0D8A422-EB8F-6682-D99B-1D4856B9CE6C}.Release|Any CPU.ActiveCfg = Release|Any CPU
		{C0D8A422-EB8F-6682-D99B-1D4856B9CE6C}.Release|Any CPU.Build.0 = Release|Any CPU
	EndGlobalSection
	GlobalSection(SolutionProperties) = preSolution
		HideSolutionNode = FALSE
	EndGlobalSection
	GlobalSection(ExtensibilityGlobals) = postSolution
		SolutionGuid = {E430CFC6-DED3-4486-AB56-311FA12EA30A}
	EndGlobalSection
EndGlobal
